
Microsoft Visual Studio Solution File, Format Version 12.00
# Visual Studio 2012
Project("{FAE04EC0-301F-11D3-BF4B-00C04F79EFBC}") = "E6", "E6\E6.csproj", "{0788BD4A-748B-4265-AA3C-20E81918B33B}"
EndProject
Global
	GlobalSection(SolutionConfigurationPlatforms) = preSolution
		Debug|Any CPU = Debug|Any CPU
		Release|Any CPU = Release|Any CPU
	EndGlobalSection
	GlobalSection(ProjectConfigurationPlatforms) = postSolution
		{0788BD4A-748B-4265-AA3C-20E81918B33B}.Debug|Any CPU.ActiveCfg = Debug|Any CPU
		{0788BD4A-748B-4265-AA3C-20E81918B33B}.Debug|Any CPU.Build.0 = Debug|Any CPU
		{0788BD4A-748B-4265-AA3C-20E81918B33B}.Release|Any CPU.ActiveCfg = Release|Any CPU
		{0788BD4A-748B-4265-AA3C-20E81918B33B}.Release|Any CPU.Build.0 = Release|Any CPU
	EndGlobalSection
	GlobalSection(SolutionProperties) = preSolution
		HideSolutionNode = FALSE
	EndGlobalSection
EndGlobal
